// !$*UTF8*$!
{
	archiveVersion = 1;
	classes = {
	};
	objectVersion = 46;
	objects = {

/* Begin PBXBuildFile section */
		F630424E1F6640990072C697 /* AppDelegate.swift in Sources */ = {isa = PBXBuildFile; fileRef = F630424D1F6640990072C697 /* AppDelegate.swift */; };
		F63042501F6640990072C697 /* ViewController.swift in Sources */ = {isa = PBXBuildFile; fileRef = F630424F1F6640990072C697 /* ViewController.swift */; };
		F63042531F6640990072C697 /* Main.storyboard in Resources */ = {isa = PBXBuildFile; fileRef = F63042511F6640990072C697 /* Main.storyboard */; };
		F63042561F6640990072C697 /* TechPod.xcdatamodeld in Sources */ = {isa = PBXBuildFile; fileRef = F63042541F6640990072C697 /* TechPod.xcdatamodeld */; };
		F63042581F6640990072C697 /* Assets.xcassets in Resources */ = {isa = PBXBuildFile; fileRef = F63042571F6640990072C697 /* Assets.xcassets */; };
		F630425B1F6640990072C697 /* LaunchScreen.storyboard in Resources */ = {isa = PBXBuildFile; fileRef = F63042591F6640990072C697 /* LaunchScreen.storyboard */; };
		F63042661F6640990072C697 /* TechPodTests.swift in Sources */ = {isa = PBXBuildFile; fileRef = F63042651F6640990072C697 /* TechPodTests.swift */; };
		F63042711F6640990072C697 /* TechPodUITests.swift in Sources */ = {isa = PBXBuildFile; fileRef = F63042701F6640990072C697 /* TechPodUITests.swift */; };
/* End PBXBuildFile section */

/* Begin PBXContainerItemProxy section */
		F63042621F6640990072C697 /* PBXContainerItemProxy */ = {
			isa = PBXContainerItemProxy;
			containerPortal = F63042421F6640990072C697 /* Project object */;
			proxyType = 1;
			remoteGlobalIDString = F63042491F6640990072C697;
			remoteInfo = TechPod;
		};
		F630426D1F6640990072C697 /* PBXContainerItemProxy */ = {
			isa = PBXContainerItemProxy;
			containerPortal = F63042421F6640990072C697 /* Project object */;
			proxyType = 1;
			remoteGlobalIDString = F63042491F6640990072C697;
			remoteInfo = TechPod;
		};
/* End PBXContainerItemProxy section */

/* Begin PBXFileReference section */
		F630424A1F6640990072C697 /* TechPod.app */ = {isa = PBXFileReference; explicitFileType = wrapper.application; includeInIndex = 0; path = TechPod.app; sourceTree = BUILT_PRODUCTS_DIR; };
		F630424D1F6640990072C697 /* AppDelegate.swift */ = {isa = PBXFileReference; lastKnownFileType = sourcecode.swift; path = AppDelegate.swift; sourceTree = "<group>"; };
		F630424F1F6640990072C697 /* ViewController.swift */ = {isa = PBXFileReference; lastKnownFileType = sourcecode.swift; path = ViewController.swift; sourceTree = "<group>"; };
		F63042521F6640990072C697 /* Base */ = {isa = PBXFileReference; lastKnownFileType = file.storyboard; name = Base; path = Base.lproj/Main.storyboard; sourceTree = "<group>"; };
		F63042551F6640990072C697 /* TechPod.xcdatamodel */ = {isa = PBXFileReference; lastKnownFileType = wrapper.xcdatamodel; path = TechPod.xcdatamodel; sourceTree = "<group>"; };
		F63042571F6640990072C697 /* Assets.xcassets */ = {isa = PBXFileReference; lastKnownFileType = folder.assetcatalog; path = Assets.xcassets; sourceTree = "<group>"; };
		F630425A1F6640990072C697 /* Base */ = {isa = PBXFileReference; lastKnownFileType = file.storyboard; name = Base; path = Base.lproj/LaunchScreen.storyboard; sourceTree = "<group>"; };
		F630425C1F6640990072C697 /* Info.plist */ = {isa = PBXFileReference; lastKnownFileType = text.plist.xml; path = Info.plist; sourceTree = "<group>"; };
		F63042611F6640990072C697 /* TechPodTests.xctest */ = {isa = PBXFileReference; explicitFileType = wrapper.cfbundle; includeInIndex = 0; path = TechPodTests.xctest; sourceTree = BUILT_PRODUCTS_DIR; };
		F63042651F6640990072C697 /* TechPodTests.swift */ = {isa = PBXFileReference; lastKnownFileType = sourcecode.swift; path = TechPodTests.swift; sourceTree = "<group>"; };
		F63042671F6640990072C697 /* Info.plist */ = {isa = PBXFileReference; lastKnownFileType = text.plist.xml; path = Info.plist; sourceTree = "<group>"; };
		F630426C1F6640990072C697 /* TechPodUITests.xctest */ = {isa = PBXFileReference; explicitFileType = wrapper.cfbundle; includeInIndex = 0; path = TechPodUITests.xctest; sourceTree = BUILT_PRODUCTS_DIR; };
		F63042701F6640990072C697 /* TechPodUITests.swift */ = {isa = PBXFileReference; lastKnownFileType = sourcecode.swift; path = TechPodUITests.swift; sourceTree = "<group>"; };
		F63042721F6640990072C697 /* Info.plist */ = {isa = PBXFileReference; lastKnownFileType = text.plist.xml; path = Info.plist; sourceTree = "<group>"; };
/* End PBXFileReference section */

/* Begin PBXFrameworksBuildPhase section */
		F63042471F6640990072C697 /* Frameworks */ = {
			isa = PBXFrameworksBuildPhase;
			buildActionMask = 2147483647;
			files = (
			);
			runOnlyForDeploymentPostprocessing = 0;
		};
		F630425E1F6640990072C697 /* Frameworks */ = {
			isa = PBXFrameworksBuildPhase;
			buildActionMask = 2147483647;
			files = (
			);
			runOnlyForDeploymentPostprocessing = 0;
		};
		F63042691F6640990072C697 /* Frameworks */ = {
			isa = PBXFrameworksBuildPhase;
			buildActionMask = 2147483647;
			files = (
			);
			runOnlyForDeploymentPostprocessing = 0;
		};
/* End PBXFrameworksBuildPhase section */

/* Begin PBXGroup section */
		F63042411F6640990072C697 = {
			isa = PBXGroup;
			children = (
				F630424C1F6640990072C697 /* TechPod */,
				F63042641F6640990072C697 /* TechPodTests */,
				F630426F1F6640990072C697 /* TechPodUITests */,
				F630424B1F6640990072C697 /* Products */,
			);
			sourceTree = "<group>";
		};
		F630424B1F6640990072C697 /* Products */ = {
			isa = PBXGroup;
			children = (
				F630424A1F6640990072C697 /* TechPod.app */,
				F63042611F6640990072C697 /* TechPodTests.xctest */,
				F630426C1F6640990072C697 /* TechPodUITests.xctest */,
			);
			name = Products;
			sourceTree = "<group>";
		};
		F630424C1F6640990072C697 /* TechPod */ = {
			isa = PBXGroup;
			children = (
				F630424D1F6640990072C697 /* AppDelegate.swift */,
				F630424F1F6640990072C697 /* ViewController.swift */,
				F63042511F6640990072C697 /* Main.storyboard */,
				F63042571F6640990072C697 /* Assets.xcassets */,
				F63042591F6640990072C697 /* LaunchScreen.storyboard */,
				F630425C1F6640990072C697 /* Info.plist */,
				F63042541F6640990072C697 /* TechPod.xcdatamodeld */,
			);
			path = TechPod;
			sourceTree = "<group>";
		};
		F63042641F6640990072C697 /* TechPodTests */ = {
			isa = PBXGroup;
			children = (
				F63042651F6640990072C697 /* TechPodTests.swift */,
				F63042671F6640990072C697 /* Info.plist */,
			);
			path = TechPodTests;
			sourceTree = "<group>";
		};
		F630426F1F6640990072C697 /* TechPodUITests */ = {
			isa = PBXGroup;
			children = (
				F63042701F6640990072C697 /* TechPodUITests.swift */,
				F63042721F6640990072C697 /* Info.plist */,
			);
			path = TechPodUITests;
			sourceTree = "<group>";
		};
/* End PBXGroup section */

/* Begin PBXNativeTarget section */
		F63042491F6640990072C697 /* TechPod */ = {
			isa = PBXNativeTarget;
			buildConfigurationList = F63042751F6640990072C697 /* Build configuration list for PBXNativeTarget "TechPod" */;
			buildPhases = (
				F63042461F6640990072C697 /* Sources */,
				F63042471F6640990072C697 /* Frameworks */,
				F63042481F6640990072C697 /* Resources */,
			);
			buildRules = (
			);
			dependencies = (
			);
			name = TechPod;
			productName = TechPod;
			productReference = F630424A1F6640990072C697 /* TechPod.app */;
			productType = "com.apple.product-type.application";
		};
		F63042601F6640990072C697 /* TechPodTests */ = {
			isa = PBXNativeTarget;
			buildConfigurationList = F63042781F6640990072C697 /* Build configuration list for PBXNativeTarget "TechPodTests" */;
			buildPhases = (
				F630425D1F6640990072C697 /* Sources */,
				F630425E1F6640990072C697 /* Frameworks */,
				F630425F1F6640990072C697 /* Resources */,
			);
			buildRules = (
			);
			dependencies = (
				F63042631F6640990072C697 /* PBXTargetDependency */,
			);
			name = TechPodTests;
			productName = TechPodTests;
			productReference = F63042611F6640990072C697 /* TechPodTests.xctest */;
			productType = "com.apple.product-type.bundle.unit-test";
		};
		F630426B1F6640990072C697 /* TechPodUITests */ = {
			isa = PBXNativeTarget;
			buildConfigurationList = F630427B1F6640990072C697 /* Build configuration list for PBXNativeTarget "TechPodUITests" */;
			buildPhases = (
				F63042681F6640990072C697 /* Sources */,
				F63042691F6640990072C697 /* Frameworks */,
				F630426A1F6640990072C697 /* Resources */,
			);
			buildRules = (
			);
			dependencies = (
				F630426E1F6640990072C697 /* PBXTargetDependency */,
			);
			name = TechPodUITests;
			productName = TechPodUITests;
			productReference = F630426C1F6640990072C697 /* TechPodUITests.xctest */;
			productType = "com.apple.product-type.bundle.ui-testing";
		};
/* End PBXNativeTarget section */

/* Begin PBXProject section */
		F63042421F6640990072C697 /* Project object */ = {
			isa = PBXProject;
			attributes = {
				LastSwiftUpdateCheck = 0830;
				LastUpgradeCheck = 0830;
				ORGANIZATIONNAME = "Junya Kobayashi";
				TargetAttributes = {
					F63042491F6640990072C697 = {
						CreatedOnToolsVersion = 8.3.3;
						ProvisioningStyle = Automatic;
					};
					F63042601F6640990072C697 = {
						CreatedOnToolsVersion = 8.3.3;
						ProvisioningStyle = Automatic;
						TestTargetID = F63042491F6640990072C697;
					};
					F630426B1F6640990072C697 = {
						CreatedOnToolsVersion = 8.3.3;
						ProvisioningStyle = Automatic;
						TestTargetID = F63042491F6640990072C697;
					};
				};
			};
			buildConfigurationList = F63042451F6640990072C697 /* Build configuration list for PBXProject "TechPod" */;
			compatibilityVersion = "Xcode 3.2";
			developmentRegion = English;
			hasScannedForEncodings = 0;
			knownRegions = (
				en,
				Base,
			);
			mainGroup = F63042411F6640990072C697;
			productRefGroup = F630424B1F6640990072C697 /* Products */;
			projectDirPath = "";
			projectRoot = "";
			targets = (
				F63042491F6640990072C697 /* TechPod */,
				F63042601F6640990072C697 /* TechPodTests */,
				F630426B1F6640990072C697 /* TechPodUITests */,
			);
		};
/* End PBXProject section */

/* Begin PBXResourcesBuildPhase section */
		F63042481F6640990072C697 /* Resources */ = {
			isa = PBXResourcesBuildPhase;
			buildActionMask = 2147483647;
			files = (
				F630425B1F6640990072C697 /* LaunchScreen.storyboard in Resources */,
				F63042581F6640990072C697 /* Assets.xcassets in Resources */,
				F63042531F6640990072C697 /* Main.storyboard in Resources */,
			);
			runOnlyForDeploymentPostprocessing = 0;
		};
		F630425F1F6640990072C697 /* Resources */ = {
			isa = PBXResourcesBuildPhase;
			buildActionMask = 2147483647;
			files = (
			);
			runOnlyForDeploymentPostprocessing = 0;
		};
		F630426A1F6640990072C697 /* Resources */ = {
			isa = PBXResourcesBuildPhase;
			buildActionMask = 2147483647;
			files = (
			);
			runOnlyForDeploymentPostprocessing = 0;
		};
/* End PBXResourcesBuildPhase section */

/* Begin PBXSourcesBuildPhase section */
		F63042461F6640990072C697 /* Sources */ = {
			isa = PBXSourcesBuildPhase;
			buildActionMask = 2147483647;
			files = (
				F63042501F6640990072C697 /* ViewController.swift in Sources */,
				F63042561F6640990072C697 /* TechPod.xcdatamodeld in Sources */,
				F630424E1F6640990072C697 /* AppDelegate.swift in Sources */,
			);
			runOnlyForDeploymentPostprocessing = 0;
		};
		F630425D1F6640990072C697 /* Sources */ = {
			isa = PBXSourcesBuildPhase;
			buildActionMask = 2147483647;
			files = (
				F63042661F6640990072C697 /* TechPodTests.swift in Sources */,
			);
			runOnlyForDeploymentPostprocessing = 0;
		};
		F63042681F6640990072C697 /* Sources */ = {
			isa = PBXSourcesBuildPhase;
			buildActionMask = 2147483647;
			files = (
				F63042711F6640990072C697 /* TechPodUITests.swift in Sources */,
			);
			runOnlyForDeploymentPostprocessing = 0;
		};
/* End PBXSourcesBuildPhase section */

/* Begin PBXTargetDependency section */
		F63042631F6640990072C697 /* PBXTargetDependency */ = {
			isa = PBXTargetDependency;
			target = F63042491F6640990072C697 /* TechPod */;
			targetProxy = F63042621F6640990072C697 /* PBXContainerItemProxy */;
		};
		F630426E1F6640990072C697 /* PBXTargetDependency */ = {
			isa = PBXTargetDependency;
			target = F63042491F6640990072C697 /* TechPod */;
			targetProxy = F630426D1F6640990072C697 /* PBXContainerItemProxy */;
		};
/* End PBXTargetDependency section */

/* Begin PBXVariantGroup section */
		F63042511F6640990072C697 /* Main.storyboard */ = {
			isa = PBXVariantGroup;
			children = (
				F63042521F6640990072C697 /* Base */,
			);
			name = Main.storyboard;
			sourceTree = "<group>";
		};
		F63042591F6640990072C697 /* LaunchScreen.storyboard */ = {
			isa = PBXVariantGroup;
			children = (
				F630425A1F6640990072C697 /* Base */,
			);
			name = LaunchScreen.storyboard;
			sourceTree = "<group>";
		};
/* End PBXVariantGroup section */

/* Begin XCBuildConfiguration section */
		F63042731F6640990072C697 /* Debug */ = {
			isa = XCBuildConfiguration;
			buildSettings = {
				ALWAYS_SEARCH_USER_PATHS = NO;
				CLANG_ANALYZER_NONNULL = YES;
				CLANG_ANALYZER_NUMBER_OBJECT_CONVERSION = YES_AGGRESSIVE;
				CLANG_CXX_LANGUAGE_STANDARD = "gnu++0x";
				CLANG_CXX_LIBRARY = "libc++";
				CLANG_ENABLE_MODULES = YES;
				CLANG_ENABLE_OBJC_ARC = YES;
				CLANG_WARN_BOOL_CONVERSION = YES;
				CLANG_WARN_CONSTANT_CONVERSION = YES;
				CLANG_WARN_DIRECT_OBJC_ISA_USAGE = YES_ERROR;
				CLANG_WARN_DOCUMENTATION_COMMENTS = YES;
				CLANG_WARN_EMPTY_BODY = YES;
				CLANG_WARN_ENUM_CONVERSION = YES;
				CLANG_WARN_INFINITE_RECURSION = YES;
				CLANG_WARN_INT_CONVERSION = YES;
				CLANG_WARN_OBJC_ROOT_CLASS = YES_ERROR;
				CLANG_WARN_SUSPICIOUS_MOVE = YES;
				CLANG_WARN_UNREACHABLE_CODE = YES;
				CLANG_WARN__DUPLICATE_METHOD_MATCH = YES;
				"CODE_SIGN_IDENTITY[sdk=iphoneos*]" = "iPhone Developer";
				COPY_PHASE_STRIP = NO;
				DEBUG_INFORMATION_FORMAT = dwarf;
				ENABLE_STRICT_OBJC_MSGSEND = YES;
				ENABLE_TESTABILITY = YES;
				GCC_C_LANGUAGE_STANDARD = gnu99;
				GCC_DYNAMIC_NO_PIC = NO;
				GCC_NO_COMMON_BLOCKS = YES;
				GCC_OPTIMIZATION_LEVEL = 0;
				GCC_PREPROCESSOR_DEFINITIONS = (
					"DEBUG=1",
					"$(inherited)",
				);
				GCC_WARN_64_TO_32_BIT_CONVERSION = YES;
				GCC_WARN_ABOUT_RETURN_TYPE = YES_ERROR;
				GCC_WARN_UNDECLARED_SELECTOR = YES;
				GCC_WARN_UNINITIALIZED_AUTOS = YES_AGGRESSIVE;
				GCC_WARN_UNUSED_FUNCTION = YES;
				GCC_WARN_UNUSED_VARIABLE = YES;
				IPHONEOS_DEPLOYMENT_TARGET = 10.3;
				MTL_ENABLE_DEBUG_INFO = YES;
				ONLY_ACTIVE_ARCH = YES;
				SDKROOT = iphoneos;
				SWIFT_ACTIVE_COMPILATION_CONDITIONS = DEBUG;
				SWIFT_OPTIMIZATION_LEVEL = "-Onone";
			};
			name = Debug;
		};
		F63042741F6640990072C697 /* Release */ = {
			isa = XCBuildConfiguration;
			buildSettings = {
				ALWAYS_SEARCH_USER_PATHS = NO;
				CLANG_ANALYZER_NONNULL = YES;
				CLANG_ANALYZER_NUMBER_OBJECT_CONVERSION = YES_AGGRESSIVE;
				CLANG_CXX_LANGUAGE_STANDARD = "gnu++0x";
				CLANG_CXX_LIBRARY = "libc++";
				CLANG_ENABLE_MODULES = YES;
				CLANG_ENABLE_OBJC_ARC = YES;
				CLANG_WARN_BOOL_CONVERSION = YES;
				CLANG_WARN_CONSTANT_CONVERSION = YES;
				CLANG_WARN_DIRECT_OBJC_ISA_USAGE = YES_ERROR;
				CLANG_WARN_DOCUMENTATION_COMMENTS = YES;
				CLANG_WARN_EMPTY_BODY = YES;
				CLANG_WARN_ENUM_CONVERSION = YES;
				CLANG_WARN_INFINITE_RECURSION = YES;
				CLANG_WARN_INT_CONVERSION = YES;
				CLANG_WARN_OBJC_ROOT_CLASS = YES_ERROR;
				CLANG_WARN_SUSPICIOUS_MOVE = YES;
				CLANG_WARN_UNREACHABLE_CODE = YES;
				CLANG_WARN__DUPLICATE_METHOD_MATCH = YES;
				"CODE_SIGN_IDENTITY[sdk=iphoneos*]" = "iPhone Developer";
				COPY_PHASE_STRIP = NO;
				DEBUG_INFORMATION_FORMAT = "dwarf-with-dsym";
				ENABLE_NS_ASSERTIONS = NO;
				ENABLE_STRICT_OBJC_MSGSEND = YES;
				GCC_C_LANGUAGE_STANDARD = gnu99;
				GCC_NO_COMMON_BLOCKS = YES;
				GCC_WARN_64_TO_32_BIT_CONVERSION = YES;
				GCC_WARN_ABOUT_RETURN_TYPE = YES_ERROR;
				GCC_WARN_UNDECLARED_SELECTOR = YES;
				GCC_WARN_UNINITIALIZED_AUTOS = YES_AGGRESSIVE;
				GCC_WARN_UNUSED_FUNCTION = YES;
				GCC_WARN_UNUSED_VARIABLE = YES;
				IPHONEOS_DEPLOYMENT_TARGET = 10.3;
				MTL_ENABLE_DEBUG_INFO = NO;
				SDKROOT = iphoneos;
				SWIFT_OPTIMIZATION_LEVEL = "-Owholemodule";
				VALIDATE_PRODUCT = YES;
			};
			name = Release;
		};
		F63042761F6640990072C697 /* Debug */ = {
			isa = XCBuildConfiguration;
			buildSettings = {
				ASSETCATALOG_COMPILER_APPICON_NAME = AppIcon;
				INFOPLIST_FILE = TechPod/Info.plist;
				LD_RUNPATH_SEARCH_PATHS = "$(inherited) @executable_path/Frameworks";
				PRODUCT_BUNDLE_IDENTIFIER = com.litech.TechPod;
				PRODUCT_NAME = "$(TARGET_NAME)";
				SWIFT_VERSION = 3.0;
			};
			name = Debug;
		};
		F63042771F6640990072C697 /* Release */ = {
			isa = XCBuildConfiguration;
			buildSettings = {
				ASSETCATALOG_COMPILER_APPICON_NAME = AppIcon;
				INFOPLIST_FILE = TechPod/Info.plist;
				LD_RUNPATH_SEARCH_PATHS = "$(inherited) @executable_path/Frameworks";
				PRODUCT_BUNDLE_IDENTIFIER = com.litech.TechPod;
				PRODUCT_NAME = "$(TARGET_NAME)";
				SWIFT_VERSION = 3.0;
			};
			name = Release;
		};
		F63042791F6640990072C697 /* Debug */ = {
			isa = XCBuildConfiguration;
			buildSettings = {
				ALWAYS_EMBED_SWIFT_STANDARD_LIBRARIES = YES;
				BUNDLE_LOADER = "$(TEST_HOST)";
				INFOPLIST_FILE = TechPodTests/Info.plist;
				LD_RUNPATH_SEARCH_PATHS = "$(inherited) @executable_path/Frameworks @loader_path/Frameworks";
				PRODUCT_BUNDLE_IDENTIFIER = com.litech.TechPodTests;
				PRODUCT_NAME = "$(TARGET_NAME)";
				SWIFT_VERSION = 3.0;
				TEST_HOST = "$(BUILT_PRODUCTS_DIR)/TechPod.app/TechPod";
			};
			name = Debug;
		};
		F630427A1F6640990072C697 /* Release */ = {
			isa = XCBuildConfiguration;
			buildSettings = {
				ALWAYS_EMBED_SWIFT_STANDARD_LIBRARIES = YES;
				BUNDLE_LOADER = "$(TEST_HOST)";
				INFOPLIST_FILE = TechPodTests/Info.plist;
				LD_RUNPATH_SEARCH_PATHS = "$(inherited) @executable_path/Frameworks @loader_path/Frameworks";
				PRODUCT_BUNDLE_IDENTIFIER = com.litech.TechPodTests;
				PRODUCT_NAME = "$(TARGET_NAME)";
				SWIFT_VERSION = 3.0;
				TEST_HOST = "$(BUILT_PRODUCTS_DIR)/TechPod.app/TechPod";
			};
			name = Release;
		};
		F630427C1F6640990072C697 /* Debug */ = {
			isa = XCBuildConfiguration;
			buildSettings = {
				ALWAYS_EMBED_SWIFT_STANDARD_LIBRARIES = YES;
				INFOPLIST_FILE = TechPodUITests/Info.plist;
				LD_RUNPATH_SEARCH_PATHS = "$(inherited) @executable_path/Frameworks @loader_path/Frameworks";
				PRODUCT_BUNDLE_IDENTIFIER = com.litech.TechPodUITests;
				PRODUCT_NAME = "$(TARGET_NAME)";
				SWIFT_VERSION = 3.0;
				TEST_TARGET_NAME = TechPod;
			};
			name = Debug;
		};
		F630427D1F6640990072C697 /* Release */ = {
			isa = XCBuildConfiguration;
			buildSettings = {
				ALWAYS_EMBED_SWIFT_STANDARD_LIBRARIES = YES;
				INFOPLIST_FILE = TechPodUITests/Info.plist;
				LD_RUNPATH_SEARCH_PATHS = "$(inherited) @executable_path/Frameworks @loader_path/Frameworks";
				PRODUCT_BUNDLE_IDENTIFIER = com.litech.TechPodUITests;
				PRODUCT_NAME = "$(TARGET_NAME)";
				SWIFT_VERSION = 3.0;
				TEST_TARGET_NAME = TechPod;
			};
			name = Release;
		};
/* End XCBuildConfiguration section */

/* Begin XCConfigurationList section */
		F63042451F6640990072C697 /* Build configuration list for PBXProject "TechPod" */ = {
			isa = XCConfigurationList;
			buildConfigurations = (
				F63042731F6640990072C697 /* Debug */,
				F63042741F6640990072C697 /* Release */,
			);
			defaultConfigurationIsVisible = 0;
			defaultConfigurationName = Release;
		};
		F63042751F6640990072C697 /* Build configuration list for PBXNativeTarget "TechPod" */ = {
			isa = XCConfigurationList;
			buildConfigurations = (
				F63042761F6640990072C697 /* Debug */,
				F63042771F6640990072C697 /* Release */,
			);
			defaultConfigurationIsVisible = 0;
		};
		F63042781F6640990072C697 /* Build configuration list for PBXNativeTarget "TechPodTests" */ = {
			isa = XCConfigurationList;
			buildConfigurations = (
				F63042791F6640990072C697 /* Debug */,
				F630427A1F6640990072C697 /* Release */,
			);
			defaultConfigurationIsVisible = 0;
		};
		F630427B1F6640990072C697 /* Build configuration list for PBXNativeTarget "TechPodUITests" */ = {
			isa = XCConfigurationList;
			buildConfigurations = (
				F630427C1F6640990072C697 /* Debug */,
				F630427D1F6640990072C697 /* Release */,
			);
			defaultConfigurationIsVisible = 0;
		};
/* End XCConfigurationList section */

/* Begin XCVersionGroup section */
		F63042541F6640990072C697 /* TechPod.xcdatamodeld */ = {
			isa = XCVersionGroup;
			children = (
				F63042551F6640990072C697 /* TechPod.xcdatamodel */,
			);
			currentVersion = F63042551F6640990072C697 /* TechPod.xcdatamodel */;
			path = TechPod.xcdatamodeld;
			sourceTree = "<group>";
			versionGroupType = wrapper.xcdatamodel;
		};
/* End XCVersionGroup section */
	};
	rootObject = F63042421F6640990072C697 /* Project object */;
}
